
Microsoft Visual Studio Solution File, Format Version 12.00
# Visual Studio Version 17
VisualStudioVersion = 17.11.35312.102
MinimumVisualStudioVersion = 10.0.40219.1
Project("{FAE04EC0-301F-11D3-BF4B-00C04F79EFBC}") = "DzProgresBar-1", "DzProgresBar-1\DzProgresBar-1.csproj", "{B644F1BB-069D-4CBE-9CE9-37EC9890F495}"
EndProject
Global
	GlobalSection(SolutionConfigurationPlatforms) = preSolution
		Debug|Any CPU = Debug|Any CPU
		Release|Any CPU = Release|Any CPU
	EndGlobalSection
	GlobalSection(ProjectConfigurationPlatforms) = postSolution
		{B644F1BB-069D-4CBE-9CE9-37EC9890F495}.Debug|Any CPU.ActiveCfg = Debug|Any CPU
		{B644F1BB-069D-4CBE-9CE9-37EC9890F495}.Debug|Any CPU.Build.0 = Debug|Any CPU
		{B644F1BB-069D-4CBE-9CE9-37EC9890F495}.Release|Any CPU.ActiveCfg = Release|Any CPU
		{B644F1BB-069D-4CBE-9CE9-37EC9890F495}.Release|Any CPU.Build.0 = Release|Any CPU
	EndGlobalSection
	GlobalSection(SolutionProperties) = preSolution
		HideSolutionNode = FALSE
	EndGlobalSection
	GlobalSection(ExtensibilityGlobals) = postSolution
		SolutionGuid = {A950053A-1B5E-44E1-8D33-4B7FD820E153}
	EndGlobalSection
EndGlobal
